<?xml version="1.0" encoding="utf-8"?>
<Project ToolsVersion="4.0" xmlns="http://schemas.microsoft.com/developer/msbuild/2003">
  <ItemGroup>
    <Filter Include="Source Files">
      <UniqueIdentifier>{4FC737F1-C7A5-4376-A066-2A32D752A2FF}</UniqueIdentifier>
      <Extensions>cpp;c;cc;cxx;def;odl;idl;hpj;bat;asm;asmx</Extensions>
    </Filter>
    <Filter Include="Header Files">
      <UniqueIdentifier>{93995380-89BD-4b04-88EB-625FBE52EBFB}</UniqueIdentifier>
      <Extensions>h;hpp;hxx;hm;inl;inc;xsd</Extensions>
    </Filter>
    <Filter Include="Resource Files">
      <UniqueIdentifier>{67DA6AB6-F800-4c08-8B7A-83BB121AAD01}</UniqueIdentifier>
      <Extensions>rc;ico;cur;bmp;dlg;rc2;rct;bin;rgs;gif;jpg;jpeg;jpe;resx;tiff;tif;png;wav;mfcribbon-ms</Extensions>
    </Filter>
    <Filter Include="Source Files\Common">
      <UniqueIdentifier>{455da82b-bb70-4a44-9c73-b348ddc9dc35}</UniqueIdentifier>
    </Filter>
    <Filter Include="Source Files\Debug">
      <UniqueIdentifier>{3e72f0f1-6276-4509-8d24-8e3c2994ecfe}</UniqueIdentifier>
    </Filter>
    <Filter Include="Source Files\Fibers">
      <UniqueIdentifier>{46d61088-be08-4f00-aead-106050622fba}</UniqueIdentifier>
    </Filter>
    <Filter Include="Source Files\WebDebugger">
      <UniqueIdentifier>{e8ff9ebf-be66-4011-9307-77041231d844}</UniqueIdentifier>
    </Filter>
    <Filter Include="Source Files\Renderer">
      <UniqueIdentifier>{65f86a5a-a372-447f-bf43-4e5326b6ed0b}</UniqueIdentifier>
    </Filter>
    <Filter Include="Source Files\Renderer\Shaders">
      <UniqueIdentifier>{525fcf57-face-43d4-b005-89b1a0799a89}</UniqueIdentifier>
    </Filter>
  </ItemGroup>
  <ItemGroup>
    <ClCompile Include="Source\lodepng.cpp">
      <Filter>Source Files</Filter>
    </ClCompile>
    <ClCompile Include="Source\RayTracer.cpp">
      <Filter>Source Files</Filter>
    </ClCompile>
    <ClCompile Include="Source\stdafx.cpp">
      <Filter>Source Files</Filter>
    </ClCompile>
    <ClCompile Include="Source\Fibers\Fiber.cpp">
      <Filter>Source Files\Fibers</Filter>
    </ClCompile>
    <ClCompile Include="Source\Fibers\FiberScheduler.cpp">
      <Filter>Source Files\Fibers</Filter>
    </ClCompile>
    <ClCompile Include="Source\Fibers\CoreThread.cpp">
      <Filter>Source Files\Fibers</Filter>
    </ClCompile>
    <ClCompile Include="Source\Common\EnMatrix.cpp">
      <Filter>Source Files\Common</Filter>
    </ClCompile>
    <ClCompile Include="Source\Common\EnVectors.cpp">
      <Filter>Source Files\Common</Filter>
    </ClCompile>
    <ClCompile Include="Source\Fibers\JobQueue.cpp">
      <Filter>Source Files\Fibers</Filter>
    </ClCompile>
    <ClCompile Include="Source\Fibers\MemoryManager.cpp">
      <Filter>Source Files\Fibers</Filter>
    </ClCompile>
    <ClCompile Include="Source\Debug\PerfDB.cpp">
      <Filter>Source Files\Debug</Filter>
    </ClCompile>
    <ClCompile Include="Source\Debug\ScopedTimer.cpp">
      <Filter>Source Files\Debug</Filter>
    </ClCompile>
    <ClCompile Include="Source\Common\Spinlock.cpp">
      <Filter>Source Files\Common</Filter>
    </ClCompile>
    <ClCompile Include="Source\Common\Timer.cpp">
      <Filter>Source Files\Common</Filter>
    </ClCompile>
    <ClCompile Include="Source\WebDebugger\WebDebugger.cpp">
      <Filter>Source Files\WebDebugger</Filter>
    </ClCompile>
    <ClCompile Include="Source\main.cpp">
      <Filter>Source Files</Filter>
    </ClCompile>
    <ClCompile Include="Source\Common\Math.cpp">
      <Filter>Source Files\Common</Filter>
    </ClCompile>
    <ClCompile Include="Source\Renderer\OGLRenderer.cpp">
      <Filter>Source Files\Renderer</Filter>
    </ClCompile>
    <ClCompile Include="Source\Renderer\Camera.cpp">
      <Filter>Source Files\Renderer</Filter>
    </ClCompile>
    <ClCompile Include="Source\Common\Quaternion.cpp">
      <Filter>Source Files\Common</Filter>
    </ClCompile>
  </ItemGroup>
  <ItemGroup>
    <ClInclude Include="Source\lodepng.h">
      <Filter>Source Files</Filter>
    </ClInclude>
    <ClInclude Include="Source\RayTracer.h">
      <Filter>Source Files</Filter>
    </ClInclude>
    <ClInclude Include="Source\stdafx.h">
      <Filter>Source Files</Filter>
    </ClInclude>
    <ClInclude Include="Source\targetver.h">
      <Filter>Source Files</Filter>
    </ClInclude>
    <ClInclude Include="Source\Fibers\Fiber.h">
      <Filter>Source Files\Fibers</Filter>
    </ClInclude>
    <ClInclude Include="Source\Fibers\FiberScheduler.h">
      <Filter>Source Files\Fibers</Filter>
    </ClInclude>
    <ClInclude Include="Source\Fibers\CoreThread.h">
      <Filter>Source Files\Fibers</Filter>
    </ClInclude>
    <ClInclude Include="Source\Common\EnMatrix.h">
      <Filter>Source Files\Common</Filter>
    </ClInclude>
    <ClInclude Include="Source\Common\EnVectors.h">
      <Filter>Source Files\Common</Filter>
    </ClInclude>
    <ClInclude Include="Source\Fibers\JobQueue.h">
      <Filter>Source Files\Fibers</Filter>
    </ClInclude>
    <ClInclude Include="Source\Fibers\MemoryManager.h">
      <Filter>Source Files\Fibers</Filter>
    </ClInclude>
    <ClInclude Include="Source\Debug\PerfDB.h">
      <Filter>Source Files\Debug</Filter>
    </ClInclude>
    <ClInclude Include="Source\Debug\ScopedTimer.h">
      <Filter>Source Files\Debug</Filter>
    </ClInclude>
    <ClInclude Include="Source\Common\Spinlock.h">
      <Filter>Source Files\Common</Filter>
    </ClInclude>
    <ClInclude Include="Source\Common\Timer.h">
      <Filter>Source Files\Common</Filter>
    </ClInclude>
    <ClInclude Include="Source\WebDebugger\WebDebugger.h">
      <Filter>Source Files\WebDebugger</Filter>
    </ClInclude>
    <ClInclude Include="Source\Common\Math.h">
      <Filter>Source Files\Common</Filter>
    </ClInclude>
    <ClInclude Include="Source\Renderer\OGLRenderer.h">
      <Filter>Source Files\Renderer</Filter>
    </ClInclude>
    <ClInclude Include="Source\Renderer\Camera.h">
      <Filter>Source Files\Renderer</Filter>
    </ClInclude>
    <ClInclude Include="Source\Common\Quaternion.h">
      <Filter>Source Files\Common</Filter>
    </ClInclude>
  </ItemGroup>
  <ItemGroup>
    <None Include="Source\Shaders\vertex.shader">
      <Filter>Source Files\Renderer\Shaders</Filter>
    </None>
    <None Include="Source\Shaders\fragment.shader">
      <Filter>Source Files\Renderer\Shaders</Filter>
    </None>
  </ItemGroup>
</Project>